
Microsoft Visual Studio Solution File, Format Version 12.00
# Visual Studio Version 17
VisualStudioVersion = 17.7.34009.444
MinimumVisualStudioVersion = 10.0.40219.1
Project("{FAE04EC0-301F-11D3-BF4B-00C04F79EFBC}") = "Desktop", "Desktop\Desktop.csproj", "{E2069600-E56B-4DB5-AC0F-415B6BD828F1}"
EndProject
Global
	GlobalSection(SolutionConfigurationPlatforms) = preSolution
		Debug|Any CPU = Debug|Any CPU
		Release|Any CPU = Release|Any CPU
	EndGlobalSection
	GlobalSection(ProjectConfigurationPlatforms) = postSolution
		{E2069600-E56B-4DB5-AC0F-415B6BD828F1}.Debug|Any CPU.ActiveCfg = Debug|Any CPU
		{E2069600-E56B-4DB5-AC0F-415B6BD828F1}.Debug|Any CPU.Build.0 = Debug|Any CPU
		{E2069600-E56B-4DB5-AC0F-415B6BD828F1}.Release|Any CPU.ActiveCfg = Release|Any CPU
		{E2069600-E56B-4DB5-AC0F-415B6BD828F1}.Release|Any CPU.Build.0 = Release|Any CPU
	EndGlobalSection
	GlobalSection(SolutionProperties) = preSolution
		HideSolutionNode = FALSE
	EndGlobalSection
	GlobalSection(ExtensibilityGlobals) = postSolution
		SolutionGuid = {9EF9A72B-3417-4253-AC46-32E28890CB0F}
	EndGlobalSection
EndGlobal
